
Microsoft Visual Studio Solution File, Format Version 12.00
# Visual Studio Version 16
VisualStudioVersion = 16.0.29230.47
MinimumVisualStudioVersion = 10.0.40219.1
Project("{FAE04EC0-301F-11D3-BF4B-00C04F79EFBC}") = "Voilier_IA", "Voilier_IA\Voilier_IA.csproj", "{C33899DE-3CC6-419B-9525-36C0FEF85885}"
EndProject
Project("{FAE04EC0-301F-11D3-BF4B-00C04F79EFBC}") = "projettaquin", "taquin\projettaquin\projettaquin.csproj", "{2D064FDA-009D-482D-B99E-9AABD9D89A47}"
EndProject
Project("{FAE04EC0-301F-11D3-BF4B-00C04F79EFBC}") = "Voilier_IA_V2", "Voilier_IA_V2\Voilier_IA_V2.csproj", "{F99A5CD2-C423-48D0-95A0-AA58DFB51E50}"
EndProject
Global
	GlobalSection(SolutionConfigurationPlatforms) = preSolution
		Debug|Any CPU = Debug|Any CPU
		Release|Any CPU = Release|Any CPU
	EndGlobalSection
	GlobalSection(ProjectConfigurationPlatforms) = postSolution
		{C33899DE-3CC6-419B-9525-36C0FEF85885}.Debug|Any CPU.ActiveCfg = Debug|Any CPU
		{C33899DE-3CC6-419B-9525-36C0FEF85885}.Debug|Any CPU.Build.0 = Debug|Any CPU
		{C33899DE-3CC6-419B-9525-36C0FEF85885}.Release|Any CPU.ActiveCfg = Release|Any CPU
		{C33899DE-3CC6-419B-9525-36C0FEF85885}.Release|Any CPU.Build.0 = Release|Any CPU
		{2D064FDA-009D-482D-B99E-9AABD9D89A47}.Debug|Any CPU.ActiveCfg = Debug|Any CPU
		{2D064FDA-009D-482D-B99E-9AABD9D89A47}.Debug|Any CPU.Build.0 = Debug|Any CPU
		{2D064FDA-009D-482D-B99E-9AABD9D89A47}.Release|Any CPU.ActiveCfg = Release|Any CPU
		{2D064FDA-009D-482D-B99E-9AABD9D89A47}.Release|Any CPU.Build.0 = Release|Any CPU
		{F99A5CD2-C423-48D0-95A0-AA58DFB51E50}.Debug|Any CPU.ActiveCfg = Debug|Any CPU
		{F99A5CD2-C423-48D0-95A0-AA58DFB51E50}.Debug|Any CPU.Build.0 = Debug|Any CPU
		{F99A5CD2-C423-48D0-95A0-AA58DFB51E50}.Release|Any CPU.ActiveCfg = Release|Any CPU
		{F99A5CD2-C423-48D0-95A0-AA58DFB51E50}.Release|Any CPU.Build.0 = Release|Any CPU
	EndGlobalSection
	GlobalSection(SolutionProperties) = preSolution
		HideSolutionNode = FALSE
	EndGlobalSection
	GlobalSection(ExtensibilityGlobals) = postSolution
		SolutionGuid = {FA2FF8AA-F33E-4AA2-AB2C-D8377569F058}
	EndGlobalSection
EndGlobal
