
Microsoft Visual Studio Solution File, Format Version 12.00
# Visual Studio Version 16
VisualStudioVersion = 16.0.29230.47
MinimumVisualStudioVersion = 10.0.40219.1
Project("{FAE04EC0-301F-11D3-BF4B-00C04F79EFBC}") = "ProjetIA_Voilier", "ProjetIA_Voilier\ProjetIA_Voilier.csproj", "{C9341332-9C6A-487F-9491-376FE62312E5}"
EndProject
Global
	GlobalSection(SolutionConfigurationPlatforms) = preSolution
		Debug|Any CPU = Debug|Any CPU
		Release|Any CPU = Release|Any CPU
	EndGlobalSection
	GlobalSection(ProjectConfigurationPlatforms) = postSolution
		{C9341332-9C6A-487F-9491-376FE62312E5}.Debug|Any CPU.ActiveCfg = Debug|Any CPU
		{C9341332-9C6A-487F-9491-376FE62312E5}.Debug|Any CPU.Build.0 = Debug|Any CPU
		{C9341332-9C6A-487F-9491-376FE62312E5}.Release|Any CPU.ActiveCfg = Release|Any CPU
		{C9341332-9C6A-487F-9491-376FE62312E5}.Release|Any CPU.Build.0 = Release|Any CPU
	EndGlobalSection
	GlobalSection(SolutionProperties) = preSolution
		HideSolutionNode = FALSE
	EndGlobalSection
	GlobalSection(ExtensibilityGlobals) = postSolution
		SolutionGuid = {FA2FF8AA-F33E-4AA2-AB2C-D8377569F058}
	EndGlobalSection
EndGlobal
